
Microsoft Visual Studio Solution File, Format Version 12.00
# Visual Studio Version 17
VisualStudioVersion = 17.7.34031.279
MinimumVisualStudioVersion = 10.0.40219.1
Project("{FAE04EC0-301F-11D3-BF4B-00C04F79EFBC}") = "Manual4_Q7", "Manual4_Q7.csproj", "{6CDE470C-6639-4A9F-AB9C-56B087628608}"
EndProject
Global
	GlobalSection(SolutionConfigurationPlatforms) = preSolution
		Debug|Any CPU = Debug|Any CPU
		Release|Any CPU = Release|Any CPU
	EndGlobalSection
	GlobalSection(ProjectConfigurationPlatforms) = postSolution
		{6CDE470C-6639-4A9F-AB9C-56B087628608}.Debug|Any CPU.ActiveCfg = Debug|Any CPU
		{6CDE470C-6639-4A9F-AB9C-56B087628608}.Debug|Any CPU.Build.0 = Debug|Any CPU
		{6CDE470C-6639-4A9F-AB9C-56B087628608}.Release|Any CPU.ActiveCfg = Release|Any CPU
		{6CDE470C-6639-4A9F-AB9C-56B087628608}.Release|Any CPU.Build.0 = Release|Any CPU
	EndGlobalSection
	GlobalSection(SolutionProperties) = preSolution
		HideSolutionNode = FALSE
	EndGlobalSection
	GlobalSection(ExtensibilityGlobals) = postSolution
		SolutionGuid = {3E1698F0-5CB8-46D1-BC4E-226E2F6C0D33}
	EndGlobalSection
EndGlobal
