
Microsoft Visual Studio Solution File, Format Version 12.00
# Visual Studio Version 17
VisualStudioVersion = 17.7.34031.279
MinimumVisualStudioVersion = 10.0.40219.1
Project("{FAE04EC0-301F-11D3-BF4B-00C04F79EFBC}") = "Manual4_Q3", "Manual4_Q3.csproj", "{C35E2FB0-DEF3-4052-BEEE-1E1C27647F04}"
EndProject
Global
	GlobalSection(SolutionConfigurationPlatforms) = preSolution
		Debug|Any CPU = Debug|Any CPU
		Release|Any CPU = Release|Any CPU
	EndGlobalSection
	GlobalSection(ProjectConfigurationPlatforms) = postSolution
		{C35E2FB0-DEF3-4052-BEEE-1E1C27647F04}.Debug|Any CPU.ActiveCfg = Debug|Any CPU
		{C35E2FB0-DEF3-4052-BEEE-1E1C27647F04}.Debug|Any CPU.Build.0 = Debug|Any CPU
		{C35E2FB0-DEF3-4052-BEEE-1E1C27647F04}.Release|Any CPU.ActiveCfg = Release|Any CPU
		{C35E2FB0-DEF3-4052-BEEE-1E1C27647F04}.Release|Any CPU.Build.0 = Release|Any CPU
	EndGlobalSection
	GlobalSection(SolutionProperties) = preSolution
		HideSolutionNode = FALSE
	EndGlobalSection
	GlobalSection(ExtensibilityGlobals) = postSolution
		SolutionGuid = {B40C5BD5-6D14-4D7F-A919-A5138291F380}
	EndGlobalSection
EndGlobal
